// !$*UTF8*$!
{
	archiveVersion = 1;
	classes = {
	};
	objectVersion = 56;
	objects = {

/* Begin PBXBuildFile section */
		859B0C4F2C047F660099FDD3 /* LogInPageApp.swift in Sources */ = {isa = PBXBuildFile; fileRef = 859B0C4E2C047F660099FDD3 /* LogInPageApp.swift */; };
		859B0C512C047F660099FDD3 /* LogInScreen.swift in Sources */ = {isa = PBXBuildFile; fileRef = 859B0C502C047F660099FDD3 /* LogInScreen.swift */; };
		859B0C532C047F680099FDD3 /* Assets.xcassets in Resources */ = {isa = PBXBuildFile; fileRef = 859B0C522C047F680099FDD3 /* Assets.xcassets */; };
		859B0C562C047F680099FDD3 /* Preview Assets.xcassets in Resources */ = {isa = PBXBuildFile; fileRef = 859B0C552C047F680099FDD3 /* Preview Assets.xcassets */; };
		859B0C5D2C0481970099FDD3 /* PageModel.swift in Sources */ = {isa = PBXBuildFile; fileRef = 859B0C5C2C0481970099FDD3 /* PageModel.swift */; };
		859B0C792C0492A00099FDD3 /* CreateAccountScreen.swift in Sources */ = {isa = PBXBuildFile; fileRef = 859B0C782C04929F0099FDD3 /* CreateAccountScreen.swift */; };
		859B0C7D2C05CC150099FDD3 /* OTPVerificationView.swift in Sources */ = {isa = PBXBuildFile; fileRef = 859B0C7C2C05CC150099FDD3 /* OTPVerificationView.swift */; };
		859B0C812C05E1400099FDD3 /* today.swift in Sources */ = {isa = PBXBuildFile; fileRef = 859B0C802C05E1400099FDD3 /* today.swift */; };
		859B0C852C05E1AE0099FDD3 /* profile.swift in Sources */ = {isa = PBXBuildFile; fileRef = 859B0C842C05E1AE0099FDD3 /* profile.swift */; };
		859B0C872C05E1EC0099FDD3 /* ClinicView.swift in Sources */ = {isa = PBXBuildFile; fileRef = 859B0C862C05E1EC0099FDD3 /* ClinicView.swift */; };
		859B0C892C05E2150099FDD3 /* VideoChat.swift in Sources */ = {isa = PBXBuildFile; fileRef = 859B0C882C05E2150099FDD3 /* VideoChat.swift */; };
		859B0C8B2C05E2390099FDD3 /* CheckUps.swift in Sources */ = {isa = PBXBuildFile; fileRef = 859B0C8A2C05E2390099FDD3 /* CheckUps.swift */; };
/* End PBXBuildFile section */

/* Begin PBXFileReference section */
		859B0C4B2C047F660099FDD3 /* LogInPage.app */ = {isa = PBXFileReference; explicitFileType = wrapper.application; includeInIndex = 0; path = LogInPage.app; sourceTree = BUILT_PRODUCTS_DIR; };
		859B0C4E2C047F660099FDD3 /* LogInPageApp.swift */ = {isa = PBXFileReference; lastKnownFileType = sourcecode.swift; path = LogInPageApp.swift; sourceTree = "<group>"; };
		859B0C502C047F660099FDD3 /* LogInScreen.swift */ = {isa = PBXFileReference; lastKnownFileType = sourcecode.swift; path = LogInScreen.swift; sourceTree = "<group>"; };
		859B0C522C047F680099FDD3 /* Assets.xcassets */ = {isa = PBXFileReference; lastKnownFileType = folder.assetcatalog; path = Assets.xcassets; sourceTree = "<group>"; };
		859B0C552C047F680099FDD3 /* Preview Assets.xcassets */ = {isa = PBXFileReference; lastKnownFileType = folder.assetcatalog; path = "Preview Assets.xcassets"; sourceTree = "<group>"; };
		859B0C5C2C0481970099FDD3 /* PageModel.swift */ = {isa = PBXFileReference; lastKnownFileType = sourcecode.swift; path = PageModel.swift; sourceTree = "<group>"; };
		859B0C782C04929F0099FDD3 /* CreateAccountScreen.swift */ = {isa = PBXFileReference; lastKnownFileType = sourcecode.swift; path = CreateAccountScreen.swift; sourceTree = "<group>"; };
		859B0C7C2C05CC150099FDD3 /* OTPVerificationView.swift */ = {isa = PBXFileReference; lastKnownFileType = sourcecode.swift; path = OTPVerificationView.swift; sourceTree = "<group>"; };
		859B0C802C05E1400099FDD3 /* today.swift */ = {isa = PBXFileReference; lastKnownFileType = sourcecode.swift; path = today.swift; sourceTree = "<group>"; };
		859B0C842C05E1AE0099FDD3 /* profile.swift */ = {isa = PBXFileReference; lastKnownFileType = sourcecode.swift; path = profile.swift; sourceTree = "<group>"; };
		859B0C862C05E1EC0099FDD3 /* ClinicView.swift */ = {isa = PBXFileReference; lastKnownFileType = sourcecode.swift; path = ClinicView.swift; sourceTree = "<group>"; };
		859B0C882C05E2150099FDD3 /* VideoChat.swift */ = {isa = PBXFileReference; lastKnownFileType = sourcecode.swift; path = VideoChat.swift; sourceTree = "<group>"; };
		859B0C8A2C05E2390099FDD3 /* CheckUps.swift */ = {isa = PBXFileReference; lastKnownFileType = sourcecode.swift; path = CheckUps.swift; sourceTree = "<group>"; };
/* End PBXFileReference section */

/* Begin PBXFrameworksBuildPhase section */
		859B0C482C047F660099FDD3 /* Frameworks */ = {
			isa = PBXFrameworksBuildPhase;
			buildActionMask = 2147483647;
			files = (
			);
			runOnlyForDeploymentPostprocessing = 0;
		};
/* End PBXFrameworksBuildPhase section */

/* Begin PBXGroup section */
		859B0C422C047F660099FDD3 = {
			isa = PBXGroup;
			children = (
				859B0C4D2C047F660099FDD3 /* LogInPage */,
				859B0C4C2C047F660099FDD3 /* Products */,
			);
			sourceTree = "<group>";
		};
		859B0C4C2C047F660099FDD3 /* Products */ = {
			isa = PBXGroup;
			children = (
				859B0C4B2C047F660099FDD3 /* LogInPage.app */,
			);
			name = Products;
			sourceTree = "<group>";
		};
		859B0C4D2C047F660099FDD3 /* LogInPage */ = {
			isa = PBXGroup;
			children = (
				859B0C4E2C047F660099FDD3 /* LogInPageApp.swift */,
				859B0C502C047F660099FDD3 /* LogInScreen.swift */,
				859B0C782C04929F0099FDD3 /* CreateAccountScreen.swift */,
				859B0C7C2C05CC150099FDD3 /* OTPVerificationView.swift */,
				859B0C522C047F680099FDD3 /* Assets.xcassets */,
				859B0C5C2C0481970099FDD3 /* PageModel.swift */,
				859B0C832C05E1830099FDD3 /* Patient */,
				859B0C542C047F680099FDD3 /* Preview Content */,
			);
			path = LogInPage;
			sourceTree = "<group>";
		};
		859B0C542C047F680099FDD3 /* Preview Content */ = {
			isa = PBXGroup;
			children = (
				859B0C552C047F680099FDD3 /* Preview Assets.xcassets */,
			);
			path = "Preview Content";
			sourceTree = "<group>";
		};
		859B0C832C05E1830099FDD3 /* Patient */ = {
			isa = PBXGroup;
			children = (
				859B0C802C05E1400099FDD3 /* today.swift */,
				859B0C842C05E1AE0099FDD3 /* profile.swift */,
				859B0C862C05E1EC0099FDD3 /* ClinicView.swift */,
				859B0C882C05E2150099FDD3 /* VideoChat.swift */,
				859B0C8A2C05E2390099FDD3 /* CheckUps.swift */,
			);
			path = Patient;
			sourceTree = "<group>";
		};
/* End PBXGroup section */

/* Begin PBXNativeTarget section */
		859B0C4A2C047F660099FDD3 /* LogInPage */ = {
			isa = PBXNativeTarget;
			buildConfigurationList = 859B0C592C047F680099FDD3 /* Build configuration list for PBXNativeTarget "LogInPage" */;
			buildPhases = (
				859B0C472C047F660099FDD3 /* Sources */,
				859B0C482C047F660099FDD3 /* Frameworks */,
				859B0C492C047F660099FDD3 /* Resources */,
			);
			buildRules = (
			);
			dependencies = (
			);
			name = LogInPage;
			productName = LogInPage;
			productReference = 859B0C4B2C047F660099FDD3 /* LogInPage.app */;
			productType = "com.apple.product-type.application";
		};
/* End PBXNativeTarget section */

/* Begin PBXProject section */
		859B0C432C047F660099FDD3 /* Project object */ = {
			isa = PBXProject;
			attributes = {
				BuildIndependentTargetsInParallel = 1;
				LastSwiftUpdateCheck = 1510;
				LastUpgradeCheck = 1510;
				TargetAttributes = {
					859B0C4A2C047F660099FDD3 = {
						CreatedOnToolsVersion = 15.1;
					};
				};
			};
			buildConfigurationList = 859B0C462C047F660099FDD3 /* Build configuration list for PBXProject "LogInPage" */;
			compatibilityVersion = "Xcode 14.0";
			developmentRegion = en;
			hasScannedForEncodings = 0;
			knownRegions = (
				en,
				Base,
			);
			mainGroup = 859B0C422C047F660099FDD3;
			productRefGroup = 859B0C4C2C047F660099FDD3 /* Products */;
			projectDirPath = "";
			projectRoot = "";
			targets = (
				859B0C4A2C047F660099FDD3 /* LogInPage */,
			);
		};
/* End PBXProject section */

/* Begin PBXResourcesBuildPhase section */
		859B0C492C047F660099FDD3 /* Resources */ = {
			isa = PBXResourcesBuildPhase;
			buildActionMask = 2147483647;
			files = (
				859B0C562C047F680099FDD3 /* Preview Assets.xcassets in Resources */,
				859B0C532C047F680099FDD3 /* Assets.xcassets in Resources */,
			);
			runOnlyForDeploymentPostprocessing = 0;
		};
/* End PBXResourcesBuildPhase section */

/* Begin PBXSourcesBuildPhase section */
		859B0C472C047F660099FDD3 /* Sources */ = {
			isa = PBXSourcesBuildPhase;
			buildActionMask = 2147483647;
			files = (
				859B0C872C05E1EC0099FDD3 /* ClinicView.swift in Sources */,
				859B0C7D2C05CC150099FDD3 /* OTPVerificationView.swift in Sources */,
				859B0C812C05E1400099FDD3 /* today.swift in Sources */,
				859B0C8B2C05E2390099FDD3 /* CheckUps.swift in Sources */,
				859B0C512C047F660099FDD3 /* LogInScreen.swift in Sources */,
				859B0C792C0492A00099FDD3 /* CreateAccountScreen.swift in Sources */,
				859B0C852C05E1AE0099FDD3 /* profile.swift in Sources */,
				859B0C5D2C0481970099FDD3 /* PageModel.swift in Sources */,
				859B0C4F2C047F660099FDD3 /* LogInPageApp.swift in Sources */,
				859B0C892C05E2150099FDD3 /* VideoChat.swift in Sources */,
			);
			runOnlyForDeploymentPostprocessing = 0;
		};
/* End PBXSourcesBuildPhase section */

/* Begin XCBuildConfiguration section */
		859B0C572C047F680099FDD3 /* Debug */ = {
			isa = XCBuildConfiguration;
			buildSettings = {
				ALWAYS_SEARCH_USER_PATHS = NO;
				ASSETCATALOG_COMPILER_GENERATE_SWIFT_ASSET_SYMBOL_EXTENSIONS = YES;
				CLANG_ANALYZER_NONNULL = YES;
				CLANG_ANALYZER_NUMBER_OBJECT_CONVERSION = YES_AGGRESSIVE;
				CLANG_CXX_LANGUAGE_STANDARD = "gnu++20";
				CLANG_ENABLE_MODULES = YES;
				CLANG_ENABLE_OBJC_ARC = YES;
				CLANG_ENABLE_OBJC_WEAK = YES;
				CLANG_WARN_BLOCK_CAPTURE_AUTORELEASING = YES;
				CLANG_WARN_BOOL_CONVERSION = YES;
				CLANG_WARN_COMMA = YES;
				CLANG_WARN_CONSTANT_CONVERSION = YES;
				CLANG_WARN_DEPRECATED_OBJC_IMPLEMENTATIONS = YES;
				CLANG_WARN_DIRECT_OBJC_ISA_USAGE = YES_ERROR;
				CLANG_WARN_DOCUMENTATION_COMMENTS = YES;
				CLANG_WARN_EMPTY_BODY = YES;
				CLANG_WARN_ENUM_CONVERSION = YES;
				CLANG_WARN_INFINITE_RECURSION = YES;
				CLANG_WARN_INT_CONVERSION = YES;
				CLANG_WARN_NON_LITERAL_NULL_CONVERSION = YES;
				CLANG_WARN_OBJC_IMPLICIT_RETAIN_SELF = YES;
				CLANG_WARN_OBJC_LITERAL_CONVERSION = YES;
				CLANG_WARN_OBJC_ROOT_CLASS = YES_ERROR;
				CLANG_WARN_QUOTED_INCLUDE_IN_FRAMEWORK_HEADER = YES;
				CLANG_WARN_RANGE_LOOP_ANALYSIS = YES;
				CLANG_WARN_STRICT_PROTOTYPES = YES;
				CLANG_WARN_SUSPICIOUS_MOVE = YES;
				CLANG_WARN_UNGUARDED_AVAILABILITY = YES_AGGRESSIVE;
				CLANG_WARN_UNREACHABLE_CODE = YES;
				CLANG_WARN__DUPLICATE_METHOD_MATCH = YES;
				COPY_PHASE_STRIP = NO;
				DEBUG_INFORMATION_FORMAT = dwarf;
				ENABLE_STRICT_OBJC_MSGSEND = YES;
				ENABLE_TESTABILITY = YES;
				ENABLE_USER_SCRIPT_SANDBOXING = YES;
				GCC_C_LANGUAGE_STANDARD = gnu17;
				GCC_DYNAMIC_NO_PIC = NO;
				GCC_NO_COMMON_BLOCKS = YES;
				GCC_OPTIMIZATION_LEVEL = 0;
				GCC_PREPROCESSOR_DEFINITIONS = (
					"DEBUG=1",
					"$(inherited)",
				);
				GCC_WARN_64_TO_32_BIT_CONVERSION = YES;
				GCC_WARN_ABOUT_RETURN_TYPE = YES_ERROR;
				GCC_WARN_UNDECLARED_SELECTOR = YES;
				GCC_WARN_UNINITIALIZED_AUTOS = YES_AGGRESSIVE;
				GCC_WARN_UNUSED_FUNCTION = YES;
				GCC_WARN_UNUSED_VARIABLE = YES;
				IPHONEOS_DEPLOYMENT_TARGET = 17.2;
				LOCALIZATION_PREFERS_STRING_CATALOGS = YES;
				MTL_ENABLE_DEBUG_INFO = INCLUDE_SOURCE;
				MTL_FAST_MATH = YES;
				ONLY_ACTIVE_ARCH = YES;
				SDKROOT = iphoneos;
				SWIFT_ACTIVE_COMPILATION_CONDITIONS = "DEBUG $(inherited)";
				SWIFT_OPTIMIZATION_LEVEL = "-Onone";
			};
			name = Debug;
		};
		859B0C582C047F680099FDD3 /* Release */ = {
			isa = XCBuildConfiguration;
			buildSettings = {
				ALWAYS_SEARCH_USER_PATHS = NO;
				ASSETCATALOG_COMPILER_GENERATE_SWIFT_ASSET_SYMBOL_EXTENSIONS = YES;
				CLANG_ANALYZER_NONNULL = YES;
				CLANG_ANALYZER_NUMBER_OBJECT_CONVERSION = YES_AGGRESSIVE;
				CLANG_CXX_LANGUAGE_STANDARD = "gnu++20";
				CLANG_ENABLE_MODULES = YES;
				CLANG_ENABLE_OBJC_ARC = YES;
				CLANG_ENABLE_OBJC_WEAK = YES;
				CLANG_WARN_BLOCK_CAPTURE_AUTORELEASING = YES;
				CLANG_WARN_BOOL_CONVERSION = YES;
				CLANG_WARN_COMMA = YES;
				CLANG_WARN_CONSTANT_CONVERSION = YES;
				CLANG_WARN_DEPRECATED_OBJC_IMPLEMENTATIONS = YES;
				CLANG_WARN_DIRECT_OBJC_ISA_USAGE = YES_ERROR;
				CLANG_WARN_DOCUMENTATION_COMMENTS = YES;
				CLANG_WARN_EMPTY_BODY = YES;
				CLANG_WARN_ENUM_CONVERSION = YES;
				CLANG_WARN_INFINITE_RECURSION = YES;
				CLANG_WARN_INT_CONVERSION = YES;
				CLANG_WARN_NON_LITERAL_NULL_CONVERSION = YES;
				CLANG_WARN_OBJC_IMPLICIT_RETAIN_SELF = YES;
				CLANG_WARN_OBJC_LITERAL_CONVERSION = YES;
				CLANG_WARN_OBJC_ROOT_CLASS = YES_ERROR;
				CLANG_WARN_QUOTED_INCLUDE_IN_FRAMEWORK_HEADER = YES;
				CLANG_WARN_RANGE_LOOP_ANALYSIS = YES;
				CLANG_WARN_STRICT_PROTOTYPES = YES;
				CLANG_WARN_SUSPICIOUS_MOVE = YES;
				CLANG_WARN_UNGUARDED_AVAILABILITY = YES_AGGRESSIVE;
				CLANG_WARN_UNREACHABLE_CODE = YES;
				CLANG_WARN__DUPLICATE_METHOD_MATCH = YES;
				COPY_PHASE_STRIP = NO;
				DEBUG_INFORMATION_FORMAT = "dwarf-with-dsym";
				ENABLE_NS_ASSERTIONS = NO;
				ENABLE_STRICT_OBJC_MSGSEND = YES;
				ENABLE_USER_SCRIPT_SANDBOXING = YES;
				GCC_C_LANGUAGE_STANDARD = gnu17;
				GCC_NO_COMMON_BLOCKS = YES;
				GCC_WARN_64_TO_32_BIT_CONVERSION = YES;
				GCC_WARN_ABOUT_RETURN_TYPE = YES_ERROR;
				GCC_WARN_UNDECLARED_SELECTOR = YES;
				GCC_WARN_UNINITIALIZED_AUTOS = YES_AGGRESSIVE;
				GCC_WARN_UNUSED_FUNCTION = YES;
				GCC_WARN_UNUSED_VARIABLE = YES;
				IPHONEOS_DEPLOYMENT_TARGET = 17.2;
				LOCALIZATION_PREFERS_STRING_CATALOGS = YES;
				MTL_ENABLE_DEBUG_INFO = NO;
				MTL_FAST_MATH = YES;
				SDKROOT = iphoneos;
				SWIFT_COMPILATION_MODE = wholemodule;
				VALIDATE_PRODUCT = YES;
			};
			name = Release;
		};
		859B0C5A2C047F680099FDD3 /* Debug */ = {
			isa = XCBuildConfiguration;
			buildSettings = {
				ASSETCATALOG_COMPILER_APPICON_NAME = AppIcon;
				ASSETCATALOG_COMPILER_GLOBAL_ACCENT_COLOR_NAME = AccentColor;
				CODE_SIGN_STYLE = Automatic;
				CURRENT_PROJECT_VERSION = 1;
				DEVELOPMENT_ASSET_PATHS = "\"LogInPage/Preview Content\"";
				ENABLE_PREVIEWS = YES;
				GENERATE_INFOPLIST_FILE = YES;
				INFOPLIST_KEY_UIApplicationSceneManifest_Generation = YES;
				INFOPLIST_KEY_UIApplicationSupportsIndirectInputEvents = YES;
				INFOPLIST_KEY_UILaunchScreen_Generation = YES;
				INFOPLIST_KEY_UISupportedInterfaceOrientations_iPad = "UIInterfaceOrientationPortrait UIInterfaceOrientationPortraitUpsideDown UIInterfaceOrientationLandscapeLeft UIInterfaceOrientationLandscapeRight";
				INFOPLIST_KEY_UISupportedInterfaceOrientations_iPhone = "UIInterfaceOrientationPortrait UIInterfaceOrientationLandscapeLeft UIInterfaceOrientationLandscapeRight";
				LD_RUNPATH_SEARCH_PATHS = (
					"$(inherited)",
					"@executable_path/Frameworks",
				);
				MARKETING_VERSION = 1.0;
				PRODUCT_BUNDLE_IDENTIFIER = com.example.LogInPage;
				PRODUCT_NAME = "$(TARGET_NAME)";
				SWIFT_EMIT_LOC_STRINGS = YES;
				SWIFT_VERSION = 5.0;
				TARGETED_DEVICE_FAMILY = "1,2";
			};
			name = Debug;
		};
		859B0C5B2C047F680099FDD3 /* Release */ = {
			isa = XCBuildConfiguration;
			buildSettings = {
				ASSETCATALOG_COMPILER_APPICON_NAME = AppIcon;
				ASSETCATALOG_COMPILER_GLOBAL_ACCENT_COLOR_NAME = AccentColor;
				CODE_SIGN_STYLE = Automatic;
				CURRENT_PROJECT_VERSION = 1;
				DEVELOPMENT_ASSET_PATHS = "\"LogInPage/Preview Content\"";
				ENABLE_PREVIEWS = YES;
				GENERATE_INFOPLIST_FILE = YES;
				INFOPLIST_KEY_UIApplicationSceneManifest_Generation = YES;
				INFOPLIST_KEY_UIApplicationSupportsIndirectInputEvents = YES;
				INFOPLIST_KEY_UILaunchScreen_Generation = YES;
				INFOPLIST_KEY_UISupportedInterfaceOrientations_iPad = "UIInterfaceOrientationPortrait UIInterfaceOrientationPortraitUpsideDown UIInterfaceOrientationLandscapeLeft UIInterfaceOrientationLandscapeRight";
				INFOPLIST_KEY_UISupportedInterfaceOrientations_iPhone = "UIInterfaceOrientationPortrait UIInterfaceOrientationLandscapeLeft UIInterfaceOrientationLandscapeRight";
				LD_RUNPATH_SEARCH_PATHS = (
					"$(inherited)",
					"@executable_path/Frameworks",
				);
				MARKETING_VERSION = 1.0;
				PRODUCT_BUNDLE_IDENTIFIER = com.example.LogInPage;
				PRODUCT_NAME = "$(TARGET_NAME)";
				SWIFT_EMIT_LOC_STRINGS = YES;
				SWIFT_VERSION = 5.0;
				TARGETED_DEVICE_FAMILY = "1,2";
			};
			name = Release;
		};
/* End XCBuildConfiguration section */

/* Begin XCConfigurationList section */
		859B0C462C047F660099FDD3 /* Build configuration list for PBXProject "LogInPage" */ = {
			isa = XCConfigurationList;
			buildConfigurations = (
				859B0C572C047F680099FDD3 /* Debug */,
				859B0C582C047F680099FDD3 /* Release */,
			);
			defaultConfigurationIsVisible = 0;
			defaultConfigurationName = Release;
		};
		859B0C592C047F680099FDD3 /* Build configuration list for PBXNativeTarget "LogInPage" */ = {
			isa = XCConfigurationList;
			buildConfigurations = (
				859B0C5A2C047F680099FDD3 /* Debug */,
				859B0C5B2C047F680099FDD3 /* Release */,
			);
			defaultConfigurationIsVisible = 0;
			defaultConfigurationName = Release;
		};
/* End XCConfigurationList section */
	};
	rootObject = 859B0C432C047F660099FDD3 /* Project object */;
}
